
Microsoft Visual Studio Solution File, Format Version 12.00
# Visual Studio Version 17
VisualStudioVersion = 17.1.32210.238
MinimumVisualStudioVersion = 10.0.40219.1
Project("{9A19103F-16F7-4668-BE54-9A1E7A4F7556}") = "UsersStudentsDBForm", "UsersStudentsDBForm\UsersStudentsDBForm.csproj", "{61444438-F5FE-4B6C-B7DD-8224D7AF94EB}"
EndProject
Project("{00D1A9C2-B5F0-4AF3-8072-F6C62B433612}") = "UsersStudentsDB", "UsersStudentsDB\UsersStudentsDB.sqlproj", "{AB78D9F7-B300-47D3-86B1-F010414CFCF0}"
EndProject
Project("{FAE04EC0-301F-11D3-BF4B-00C04F79EFBC}") = "DataAccess", "DataAccess\DataAccess.csproj", "{6229D3DD-A041-4154-971A-99AD30230018}"
EndProject
Global
	GlobalSection(SolutionConfigurationPlatforms) = preSolution
		Debug|Any CPU = Debug|Any CPU
		Release|Any CPU = Release|Any CPU
	EndGlobalSection
	GlobalSection(ProjectConfigurationPlatforms) = postSolution
		{61444438-F5FE-4B6C-B7DD-8224D7AF94EB}.Debug|Any CPU.ActiveCfg = Debug|Any CPU
		{61444438-F5FE-4B6C-B7DD-8224D7AF94EB}.Debug|Any CPU.Build.0 = Debug|Any CPU
		{61444438-F5FE-4B6C-B7DD-8224D7AF94EB}.Release|Any CPU.ActiveCfg = Release|Any CPU
		{61444438-F5FE-4B6C-B7DD-8224D7AF94EB}.Release|Any CPU.Build.0 = Release|Any CPU
		{AB78D9F7-B300-47D3-86B1-F010414CFCF0}.Debug|Any CPU.ActiveCfg = Debug|Any CPU
		{AB78D9F7-B300-47D3-86B1-F010414CFCF0}.Debug|Any CPU.Build.0 = Debug|Any CPU
		{AB78D9F7-B300-47D3-86B1-F010414CFCF0}.Debug|Any CPU.Deploy.0 = Debug|Any CPU
		{AB78D9F7-B300-47D3-86B1-F010414CFCF0}.Release|Any CPU.ActiveCfg = Release|Any CPU
		{AB78D9F7-B300-47D3-86B1-F010414CFCF0}.Release|Any CPU.Build.0 = Release|Any CPU
		{AB78D9F7-B300-47D3-86B1-F010414CFCF0}.Release|Any CPU.Deploy.0 = Release|Any CPU
		{6229D3DD-A041-4154-971A-99AD30230018}.Debug|Any CPU.ActiveCfg = Debug|Any CPU
		{6229D3DD-A041-4154-971A-99AD30230018}.Debug|Any CPU.Build.0 = Debug|Any CPU
		{6229D3DD-A041-4154-971A-99AD30230018}.Release|Any CPU.ActiveCfg = Release|Any CPU
		{6229D3DD-A041-4154-971A-99AD30230018}.Release|Any CPU.Build.0 = Release|Any CPU
	EndGlobalSection
	GlobalSection(SolutionProperties) = preSolution
		HideSolutionNode = FALSE
	EndGlobalSection
	GlobalSection(ExtensibilityGlobals) = postSolution
		SolutionGuid = {6CE23156-598F-41C3-8FAC-E50EE7D85DD8}
	EndGlobalSection
EndGlobal
